
Microsoft Visual Studio Solution File, Format Version 12.00
# Visual Studio 15
VisualStudioVersion = 15.0.28307.102
MinimumVisualStudioVersion = 10.0.40219.1
Project("{FAE04EC0-301F-11D3-BF4B-00C04F79EFBC}") = "AI ChatBot", "AI ChatBot\AI ChatBot.csproj", "{490C5BD9-6263-46DA-A60E-A3EE4BC14204}"
EndProject
Global
	GlobalSection(SolutionConfigurationPlatforms) = preSolution
		Debug|Any CPU = Debug|Any CPU
		Release|Any CPU = Release|Any CPU
	EndGlobalSection
	GlobalSection(ProjectConfigurationPlatforms) = postSolution
		{490C5BD9-6263-46DA-A60E-A3EE4BC14204}.Debug|Any CPU.ActiveCfg = Debug|Any CPU
		{490C5BD9-6263-46DA-A60E-A3EE4BC14204}.Debug|Any CPU.Build.0 = Debug|Any CPU
		{490C5BD9-6263-46DA-A60E-A3EE4BC14204}.Release|Any CPU.ActiveCfg = Release|Any CPU
		{490C5BD9-6263-46DA-A60E-A3EE4BC14204}.Release|Any CPU.Build.0 = Release|Any CPU
	EndGlobalSection
	GlobalSection(SolutionProperties) = preSolution
		HideSolutionNode = FALSE
	EndGlobalSection
	GlobalSection(ExtensibilityGlobals) = postSolution
		SolutionGuid = {DDD5A7AF-6FE5-4714-A2B7-17B247F4A915}
	EndGlobalSection
EndGlobal
